
Microsoft Visual Studio Solution File, Format Version 12.00
# Visual Studio 15
VisualStudioVersion = 15.0.27703.2026
MinimumVisualStudioVersion = 10.0.40219.1
Project("{FAE04EC0-301F-11D3-BF4B-00C04F79EFBC}") = "PracticaHerencias", "PracticaHerencias\PracticaHerencias.csproj", "{31B9E8E1-E2BD-46DD-AF74-5296ED43742D}"
EndProject
Global
	GlobalSection(SolutionConfigurationPlatforms) = preSolution
		Debug|Any CPU = Debug|Any CPU
		Release|Any CPU = Release|Any CPU
	EndGlobalSection
	GlobalSection(ProjectConfigurationPlatforms) = postSolution
		{31B9E8E1-E2BD-46DD-AF74-5296ED43742D}.Debug|Any CPU.ActiveCfg = Debug|Any CPU
		{31B9E8E1-E2BD-46DD-AF74-5296ED43742D}.Debug|Any CPU.Build.0 = Debug|Any CPU
		{31B9E8E1-E2BD-46DD-AF74-5296ED43742D}.Release|Any CPU.ActiveCfg = Release|Any CPU
		{31B9E8E1-E2BD-46DD-AF74-5296ED43742D}.Release|Any CPU.Build.0 = Release|Any CPU
	EndGlobalSection
	GlobalSection(SolutionProperties) = preSolution
		HideSolutionNode = FALSE
	EndGlobalSection
	GlobalSection(ExtensibilityGlobals) = postSolution
		SolutionGuid = {07F6AB64-1B77-4C61-B407-6552A1E4BC1C}
	EndGlobalSection
EndGlobal
